{
  "nodes": {
    "nixpkgs": {
      "locked": {
        "lastModified": 1693899201,
        "narHash": "sha256-HB2Vo3iA3MvaOSMLNwFqxYDfPEMkfA+NneO9m1Z7dNI=",
        "owner": "NixOS",
        "repo": "nixpkgs",
        "rev": "9c7a9c785a972e226315cb5fb24254d1e9e8323a",
        "type": "github"
      },
      "original": {
        "owner": "NixOS",
        "ref": "release-23.05",
        "repo": "nixpkgs",
        "type": "github"
      }
    },
    "root": {
      "inputs": {
        "nixpkgs": "nixpkgs"
      }
    }
  },
  "root": "root",
  "version": 7
}
